
Microsoft Visual Studio Solution File, Format Version 12.00
# Visual Studio Version 16
VisualStudioVersion = 16.0.31729.503
MinimumVisualStudioVersion = 10.0.40219.1
Project("{9A19103F-16F7-4668-BE54-9A1E7A4F7556}") = "Lab1", "Lab1.csproj", "{ED2FB863-17BE-404C-BAD7-336455DD663E}"
EndProject
Project("{FAE04EC0-301F-11D3-BF4B-00C04F79EFBC}") = "ConsoleAppTest", "..\..\..\source\repos\ConsoleAppTest\ConsoleAppTest.csproj", "{54CB0672-9BC1-4A50-9324-02956FAD787F}"
EndProject
Global
	GlobalSection(SolutionConfigurationPlatforms) = preSolution
		Debug|Any CPU = Debug|Any CPU
		Release|Any CPU = Release|Any CPU
	EndGlobalSection
	GlobalSection(ProjectConfigurationPlatforms) = postSolution
		{ED2FB863-17BE-404C-BAD7-336455DD663E}.Debug|Any CPU.ActiveCfg = Debug|Any CPU
		{ED2FB863-17BE-404C-BAD7-336455DD663E}.Debug|Any CPU.Build.0 = Debug|Any CPU
		{ED2FB863-17BE-404C-BAD7-336455DD663E}.Release|Any CPU.ActiveCfg = Release|Any CPU
		{ED2FB863-17BE-404C-BAD7-336455DD663E}.Release|Any CPU.Build.0 = Release|Any CPU
		{54CB0672-9BC1-4A50-9324-02956FAD787F}.Debug|Any CPU.ActiveCfg = Debug|Any CPU
		{54CB0672-9BC1-4A50-9324-02956FAD787F}.Debug|Any CPU.Build.0 = Debug|Any CPU
		{54CB0672-9BC1-4A50-9324-02956FAD787F}.Release|Any CPU.ActiveCfg = Release|Any CPU
		{54CB0672-9BC1-4A50-9324-02956FAD787F}.Release|Any CPU.Build.0 = Release|Any CPU
	EndGlobalSection
	GlobalSection(SolutionProperties) = preSolution
		HideSolutionNode = FALSE
	EndGlobalSection
	GlobalSection(ExtensibilityGlobals) = postSolution
		SolutionGuid = {3D2D5FE9-434F-4D43-A47D-FB29BAA60EF9}
	EndGlobalSection
EndGlobal
